
Microsoft Visual Studio Solution File, Format Version 12.00
# Visual Studio Version 17
VisualStudioVersion = 17.11.35312.102
MinimumVisualStudioVersion = 10.0.40219.1
Project("{FAE04EC0-301F-11D3-BF4B-00C04F79EFBC}") = "Restaurante", "Restaurante\Restaurante.csproj", "{BDBB4714-FDB6-4685-8FC4-E121E10CD3FB}"
EndProject
Global
	GlobalSection(SolutionConfigurationPlatforms) = preSolution
		Debug|Any CPU = Debug|Any CPU
		Release|Any CPU = Release|Any CPU
	EndGlobalSection
	GlobalSection(ProjectConfigurationPlatforms) = postSolution
		{BDBB4714-FDB6-4685-8FC4-E121E10CD3FB}.Debug|Any CPU.ActiveCfg = Debug|Any CPU
		{BDBB4714-FDB6-4685-8FC4-E121E10CD3FB}.Debug|Any CPU.Build.0 = Debug|Any CPU
		{BDBB4714-FDB6-4685-8FC4-E121E10CD3FB}.Debug|Any CPU.Deploy.0 = Debug|Any CPU
		{BDBB4714-FDB6-4685-8FC4-E121E10CD3FB}.Release|Any CPU.ActiveCfg = Release|Any CPU
		{BDBB4714-FDB6-4685-8FC4-E121E10CD3FB}.Release|Any CPU.Build.0 = Release|Any CPU
		{BDBB4714-FDB6-4685-8FC4-E121E10CD3FB}.Release|Any CPU.Deploy.0 = Release|Any CPU
	EndGlobalSection
	GlobalSection(SolutionProperties) = preSolution
		HideSolutionNode = FALSE
	EndGlobalSection
	GlobalSection(ExtensibilityGlobals) = postSolution
		SolutionGuid = {136B4428-9767-47FE-9BDE-1CF1AABE5D9C}
	EndGlobalSection
EndGlobal
