
Microsoft Visual Studio Solution File, Format Version 12.00
# Visual Studio Version 17
VisualStudioVersion = 17.5.002.0
MinimumVisualStudioVersion = 10.0.40219.1
Project("{9A19103F-16F7-4668-BE54-9A1E7A4F7556}") = "baraja", "baraja.csproj", "{9DF16773-7B80-4D0C-8C06-28327F9A2DEA}"
EndProject
Global
	GlobalSection(SolutionConfigurationPlatforms) = preSolution
		Debug|Any CPU = Debug|Any CPU
		Release|Any CPU = Release|Any CPU
	EndGlobalSection
	GlobalSection(ProjectConfigurationPlatforms) = postSolution
		{9DF16773-7B80-4D0C-8C06-28327F9A2DEA}.Debug|Any CPU.ActiveCfg = Debug|Any CPU
		{9DF16773-7B80-4D0C-8C06-28327F9A2DEA}.Debug|Any CPU.Build.0 = Debug|Any CPU
		{9DF16773-7B80-4D0C-8C06-28327F9A2DEA}.Release|Any CPU.ActiveCfg = Release|Any CPU
		{9DF16773-7B80-4D0C-8C06-28327F9A2DEA}.Release|Any CPU.Build.0 = Release|Any CPU
	EndGlobalSection
	GlobalSection(SolutionProperties) = preSolution
		HideSolutionNode = FALSE
	EndGlobalSection
	GlobalSection(ExtensibilityGlobals) = postSolution
		SolutionGuid = {B5260378-F60B-482F-B12D-4190D6E97CB0}
	EndGlobalSection
EndGlobal
