
Microsoft Visual Studio Solution File, Format Version 12.00
# Visual Studio Version 17
VisualStudioVersion = 17.7.34202.233
MinimumVisualStudioVersion = 10.0.40219.1
Project("{FAE04EC0-301F-11D3-BF4B-00C04F79EFBC}") = "WpfAppEfectoBotones", "WpfAppEfectoBotones.csproj", "{97585C23-8185-48A8-B70E-7D0B254CEA50}"
EndProject
Global
	GlobalSection(SolutionConfigurationPlatforms) = preSolution
		Debug|Any CPU = Debug|Any CPU
		Release|Any CPU = Release|Any CPU
	EndGlobalSection
	GlobalSection(ProjectConfigurationPlatforms) = postSolution
		{97585C23-8185-48A8-B70E-7D0B254CEA50}.Debug|Any CPU.ActiveCfg = Debug|Any CPU
		{97585C23-8185-48A8-B70E-7D0B254CEA50}.Debug|Any CPU.Build.0 = Debug|Any CPU
		{97585C23-8185-48A8-B70E-7D0B254CEA50}.Release|Any CPU.ActiveCfg = Release|Any CPU
		{97585C23-8185-48A8-B70E-7D0B254CEA50}.Release|Any CPU.Build.0 = Release|Any CPU
	EndGlobalSection
	GlobalSection(SolutionProperties) = preSolution
		HideSolutionNode = FALSE
	EndGlobalSection
	GlobalSection(ExtensibilityGlobals) = postSolution
		SolutionGuid = {BDD58C45-3E81-4239-BF81-4D68486BD232}
	EndGlobalSection
EndGlobal
