
Microsoft Visual Studio Solution File, Format Version 12.00
# Visual Studio Version 17
VisualStudioVersion = 17.11.35312.102
MinimumVisualStudioVersion = 10.0.40219.1
Project("{FAE04EC0-301F-11D3-BF4B-00C04F79EFBC}") = "WpfApp_Palabras2", "WpfApp_Palabras2.csproj", "{FD0FDDE7-4DFD-46AA-A994-B364CFAEF948}"
EndProject
Global
	GlobalSection(SolutionConfigurationPlatforms) = preSolution
		Debug|Any CPU = Debug|Any CPU
		Release|Any CPU = Release|Any CPU
	EndGlobalSection
	GlobalSection(ProjectConfigurationPlatforms) = postSolution
		{FD0FDDE7-4DFD-46AA-A994-B364CFAEF948}.Debug|Any CPU.ActiveCfg = Debug|Any CPU
		{FD0FDDE7-4DFD-46AA-A994-B364CFAEF948}.Debug|Any CPU.Build.0 = Debug|Any CPU
		{FD0FDDE7-4DFD-46AA-A994-B364CFAEF948}.Release|Any CPU.ActiveCfg = Release|Any CPU
		{FD0FDDE7-4DFD-46AA-A994-B364CFAEF948}.Release|Any CPU.Build.0 = Release|Any CPU
	EndGlobalSection
	GlobalSection(SolutionProperties) = preSolution
		HideSolutionNode = FALSE
	EndGlobalSection
	GlobalSection(ExtensibilityGlobals) = postSolution
		SolutionGuid = {27F35951-BF88-495C-B5E4-25DC665B8C4D}
	EndGlobalSection
EndGlobal
