
Microsoft Visual Studio Solution File, Format Version 12.00
# Visual Studio Version 17
VisualStudioVersion = 17.5.002.0
MinimumVisualStudioVersion = 10.0.40219.1
Project("{9A19103F-16F7-4668-BE54-9A1E7A4F7556}") = "ejemplo1", "ejemplo1.csproj", "{2769F157-F7AC-44B5-BF5E-E59E3CD5BAAB}"
EndProject
Global
	GlobalSection(SolutionConfigurationPlatforms) = preSolution
		Debug|Any CPU = Debug|Any CPU
		Release|Any CPU = Release|Any CPU
	EndGlobalSection
	GlobalSection(ProjectConfigurationPlatforms) = postSolution
		{2769F157-F7AC-44B5-BF5E-E59E3CD5BAAB}.Debug|Any CPU.ActiveCfg = Debug|Any CPU
		{2769F157-F7AC-44B5-BF5E-E59E3CD5BAAB}.Debug|Any CPU.Build.0 = Debug|Any CPU
		{2769F157-F7AC-44B5-BF5E-E59E3CD5BAAB}.Release|Any CPU.ActiveCfg = Release|Any CPU
		{2769F157-F7AC-44B5-BF5E-E59E3CD5BAAB}.Release|Any CPU.Build.0 = Release|Any CPU
	EndGlobalSection
	GlobalSection(SolutionProperties) = preSolution
		HideSolutionNode = FALSE
	EndGlobalSection
	GlobalSection(ExtensibilityGlobals) = postSolution
		SolutionGuid = {05221DC4-B2A2-4D10-825C-7F3FA89E5F25}
	EndGlobalSection
EndGlobal
