
Microsoft Visual Studio Solution File, Format Version 12.00
# Visual Studio Version 17
VisualStudioVersion = 17.11.35312.102
MinimumVisualStudioVersion = 10.0.40219.1
Project("{FAE04EC0-301F-11D3-BF4B-00C04F79EFBC}") = "WpfApp_EstilosPlantillasEjercicios", "WpfApp_EstilosPlantillasEjercicios.csproj", "{97B3D808-9359-434C-9FBD-E6073DEDC0DD}"
EndProject
Global
	GlobalSection(SolutionConfigurationPlatforms) = preSolution
		Debug|Any CPU = Debug|Any CPU
		Release|Any CPU = Release|Any CPU
	EndGlobalSection
	GlobalSection(ProjectConfigurationPlatforms) = postSolution
		{97B3D808-9359-434C-9FBD-E6073DEDC0DD}.Debug|Any CPU.ActiveCfg = Debug|Any CPU
		{97B3D808-9359-434C-9FBD-E6073DEDC0DD}.Debug|Any CPU.Build.0 = Debug|Any CPU
		{97B3D808-9359-434C-9FBD-E6073DEDC0DD}.Release|Any CPU.ActiveCfg = Release|Any CPU
		{97B3D808-9359-434C-9FBD-E6073DEDC0DD}.Release|Any CPU.Build.0 = Release|Any CPU
	EndGlobalSection
	GlobalSection(SolutionProperties) = preSolution
		HideSolutionNode = FALSE
	EndGlobalSection
	GlobalSection(ExtensibilityGlobals) = postSolution
		SolutionGuid = {6FB6A4AE-B124-4B3F-BF92-26A21B9EE7DA}
	EndGlobalSection
EndGlobal
